github.com/chzyer/readline v0.0.0-20160726135117-62c6fe619375 h1:JVe1zduaiPlSLOuQcU/MqRJkBbWRPsjdW48+20AtJXM=
github.com/chzyer/readline v0.0.0-20160726135117-62c6fe619375/go.mod h1:nSuG5e5PlCu98SY8svDHJxuZscDgtXS6KTTbou5AhLI=
github.com/cosmos72/gomacro v0.0.0-20190308222501-338d8c264672 h1:hjYqRG3QpBFAMOmBKuuVplyb3wAafEwZQ5qdW9I4s/Q=
github.com/cosmos72/gomacro v0.0.0-20190308222501-338d8c264672/go.mod h1:DgxPtYN2PjCFHdgb5Hg4Y/sLberMx26wQ0eEE5+KKeY=
github.com/mattn/go-runewidth v0.0.3 h1:a+kO+98RDGEfo6asOGMmpodZq4FNtnGP54yps8BzLR4=
github.com/mattn/go-runewidth v0.0.3/go.mod h1:LwmH8dsx7+W8Uxz3IHJYH5QSwggIsqBzpuz5H//U1FU=
github.com/peterh/liner v1.1.0 h1:f+aAedNJA6uk7+6rXsYBnhdo4Xux7ESLe+kcuVUF5os=
github.com/peterh/liner v1.1.0/go.mod h1:CRroGNssyjTd/qIG2FyxByd2S8JEAZXBl4qUrZf8GS0=
golang.org/x/sys v0.0.0-20190311152110-c8c8c57fd1e1 h1:FQNj2xvjQ1lgFyzbSybGZr792Y8Dy95D7uuqnZAzNaA=
golang.org/x/sys v0.0.0-20190311152110-c8c8c57fd1e1/go.mod h1:h1NjWce9XRLGQEsW7wpKNCjG9DtNlClVuFLEZdDNbEs=
